
Microsoft Visual Studio Solution File, Format Version 12.00
# Visual Studio Version 17
VisualStudioVersion = 17.10.35122.118
MinimumVisualStudioVersion = 10.0.40219.1
Project("{FAE04EC0-301F-11D3-BF4B-00C04F79EFBC}") = "RabbitMqExcelCreator", "RabbitMqExcelCreator\RabbitMqExcelCreator.csproj", "{1DAA088D-D684-4968-B7DB-C18ED424F0F1}"
EndProject
Project("{FAE04EC0-301F-11D3-BF4B-00C04F79EFBC}") = "RabbitMqExcelCreator.FileWorkerService", "RabbitMqExcelCreator.FileWorkerService\RabbitMqExcelCreator.FileWorkerService.csproj", "{249F9400-FA38-403E-9497-714D99274ACD}"
EndProject
Global
	GlobalSection(SolutionConfigurationPlatforms) = preSolution
		Debug|Any CPU = Debug|Any CPU
		Release|Any CPU = Release|Any CPU
	EndGlobalSection
	GlobalSection(ProjectConfigurationPlatforms) = postSolution
		{1DAA088D-D684-4968-B7DB-C18ED424F0F1}.Debug|Any CPU.ActiveCfg = Debug|Any CPU
		{1DAA088D-D684-4968-B7DB-C18ED424F0F1}.Debug|Any CPU.Build.0 = Debug|Any CPU
		{1DAA088D-D684-4968-B7DB-C18ED424F0F1}.Release|Any CPU.ActiveCfg = Release|Any CPU
		{1DAA088D-D684-4968-B7DB-C18ED424F0F1}.Release|Any CPU.Build.0 = Release|Any CPU
		{249F9400-FA38-403E-9497-714D99274ACD}.Debug|Any CPU.ActiveCfg = Debug|Any CPU
		{249F9400-FA38-403E-9497-714D99274ACD}.Debug|Any CPU.Build.0 = Debug|Any CPU
		{249F9400-FA38-403E-9497-714D99274ACD}.Release|Any CPU.ActiveCfg = Release|Any CPU
		{249F9400-FA38-403E-9497-714D99274ACD}.Release|Any CPU.Build.0 = Release|Any CPU
	EndGlobalSection
	GlobalSection(SolutionProperties) = preSolution
		HideSolutionNode = FALSE
	EndGlobalSection
	GlobalSection(ExtensibilityGlobals) = postSolution
		SolutionGuid = {2DACA35F-40C9-40F2-AC62-2DB175AD5CDC}
	EndGlobalSection
EndGlobal
